
Microsoft Visual Studio Solution File, Format Version 12.00
# Visual Studio 15
VisualStudioVersion = 15.0.27004.2010
MinimumVisualStudioVersion = 10.0.40219.1
Project("{FAE04EC0-301F-11D3-BF4B-00C04F79EFBC}") = "WattsCRM", "WattsCRM\WattsCRM.csproj", "{B0F6130F-EF3B-4AEA-8CBF-02B75378D356}"
EndProject
Project("{FAE04EC0-301F-11D3-BF4B-00C04F79EFBC}") = "WattsCRM.UnitTests", "WattsCRM.UnitTests\WattsCRM.UnitTests.csproj", "{1CBAE4C7-D4CA-4F7F-913D-4C2478A9F272}"
EndProject
Global
	GlobalSection(SolutionConfigurationPlatforms) = preSolution
		Debug|Any CPU = Debug|Any CPU
		Release|Any CPU = Release|Any CPU
	EndGlobalSection
	GlobalSection(ProjectConfigurationPlatforms) = postSolution
		{B0F6130F-EF3B-4AEA-8CBF-02B75378D356}.Debug|Any CPU.ActiveCfg = Debug|Any CPU
		{B0F6130F-EF3B-4AEA-8CBF-02B75378D356}.Debug|Any CPU.Build.0 = Debug|Any CPU
		{B0F6130F-EF3B-4AEA-8CBF-02B75378D356}.Release|Any CPU.ActiveCfg = Release|Any CPU
		{B0F6130F-EF3B-4AEA-8CBF-02B75378D356}.Release|Any CPU.Build.0 = Release|Any CPU
		{1CBAE4C7-D4CA-4F7F-913D-4C2478A9F272}.Debug|Any CPU.ActiveCfg = Debug|Any CPU
		{1CBAE4C7-D4CA-4F7F-913D-4C2478A9F272}.Debug|Any CPU.Build.0 = Debug|Any CPU
		{1CBAE4C7-D4CA-4F7F-913D-4C2478A9F272}.Release|Any CPU.ActiveCfg = Release|Any CPU
		{1CBAE4C7-D4CA-4F7F-913D-4C2478A9F272}.Release|Any CPU.Build.0 = Release|Any CPU
	EndGlobalSection
	GlobalSection(SolutionProperties) = preSolution
		HideSolutionNode = FALSE
	EndGlobalSection
	GlobalSection(ExtensibilityGlobals) = postSolution
		SolutionGuid = {EEB54A28-C8AF-40ED-BC1B-A56A71074375}
	EndGlobalSection
EndGlobal
